
Microsoft Visual Studio Solution File, Format Version 12.00
# Visual Studio Version 16
VisualStudioVersion = 16.0.31702.278
MinimumVisualStudioVersion = 10.0.40219.1
Project("{FAE04EC0-301F-11D3-BF4B-00C04F79EFBC}") = "GroupHomework", "GroupHomework\GroupHomework.csproj", "{9E3E9E5F-120B-4249-9346-0C04718A20FD}"
EndProject
Global
	GlobalSection(SolutionConfigurationPlatforms) = preSolution
		Debug|ARM = Debug|ARM
		Debug|ARM64 = Debug|ARM64
		Debug|x64 = Debug|x64
		Debug|x86 = Debug|x86
		Release|ARM = Release|ARM
		Release|ARM64 = Release|ARM64
		Release|x64 = Release|x64
		Release|x86 = Release|x86
	EndGlobalSection
	GlobalSection(ProjectConfigurationPlatforms) = postSolution
		{9E3E9E5F-120B-4249-9346-0C04718A20FD}.Debug|ARM.ActiveCfg = Debug|ARM
		{9E3E9E5F-120B-4249-9346-0C04718A20FD}.Debug|ARM.Build.0 = Debug|ARM
		{9E3E9E5F-120B-4249-9346-0C04718A20FD}.Debug|ARM.Deploy.0 = Debug|ARM
		{9E3E9E5F-120B-4249-9346-0C04718A20FD}.Debug|ARM64.ActiveCfg = Debug|ARM64
		{9E3E9E5F-120B-4249-9346-0C04718A20FD}.Debug|ARM64.Build.0 = Debug|ARM64
		{9E3E9E5F-120B-4249-9346-0C04718A20FD}.Debug|ARM64.Deploy.0 = Debug|ARM64
		{9E3E9E5F-120B-4249-9346-0C04718A20FD}.Debug|x64.ActiveCfg = Debug|x64
		{9E3E9E5F-120B-4249-9346-0C04718A20FD}.Debug|x64.Build.0 = Debug|x64
		{9E3E9E5F-120B-4249-9346-0C04718A20FD}.Debug|x64.Deploy.0 = Debug|x64
		{9E3E9E5F-120B-4249-9346-0C04718A20FD}.Debug|x86.ActiveCfg = Debug|x86
		{9E3E9E5F-120B-4249-9346-0C04718A20FD}.Debug|x86.Build.0 = Debug|x86
		{9E3E9E5F-120B-4249-9346-0C04718A20FD}.Debug|x86.Deploy.0 = Debug|x86
		{9E3E9E5F-120B-4249-9346-0C04718A20FD}.Release|ARM.ActiveCfg = Release|ARM
		{9E3E9E5F-120B-4249-9346-0C04718A20FD}.Release|ARM.Build.0 = Release|ARM
		{9E3E9E5F-120B-4249-9346-0C04718A20FD}.Release|ARM.Deploy.0 = Release|ARM
		{9E3E9E5F-120B-4249-9346-0C04718A20FD}.Release|ARM64.ActiveCfg = Release|ARM64
		{9E3E9E5F-120B-4249-9346-0C04718A20FD}.Release|ARM64.Build.0 = Release|ARM64
		{9E3E9E5F-120B-4249-9346-0C04718A20FD}.Release|ARM64.Deploy.0 = Release|ARM64
		{9E3E9E5F-120B-4249-9346-0C04718A20FD}.Release|x64.ActiveCfg = Release|x64
		{9E3E9E5F-120B-4249-9346-0C04718A20FD}.Release|x64.Build.0 = Release|x64
		{9E3E9E5F-120B-4249-9346-0C04718A20FD}.Release|x64.Deploy.0 = Release|x64
		{9E3E9E5F-120B-4249-9346-0C04718A20FD}.Release|x86.ActiveCfg = Release|x86
		{9E3E9E5F-120B-4249-9346-0C04718A20FD}.Release|x86.Build.0 = Release|x86
		{9E3E9E5F-120B-4249-9346-0C04718A20FD}.Release|x86.Deploy.0 = Release|x86
	EndGlobalSection
	GlobalSection(SolutionProperties) = preSolution
		HideSolutionNode = FALSE
	EndGlobalSection
	GlobalSection(ExtensibilityGlobals) = postSolution
		SolutionGuid = {40CA4F77-203E-4711-A3D7-FE48C92D9F97}
	EndGlobalSection
EndGlobal
